// !$*UTF8*$!
{
	archiveVersion = 1;
	classes = {
	};
	objectVersion = 50;
	objects = {

/* Begin PBXBuildFile section */
		9B04456C26FA823A009E228C /* AppDelegate.swift in Sources */ = {isa = PBXBuildFile; fileRef = 9B04456B26FA823A009E228C /* AppDelegate.swift */; };
		9B04456E26FA823A009E228C /* SceneDelegate.swift in Sources */ = {isa = PBXBuildFile; fileRef = 9B04456D26FA823A009E228C /* SceneDelegate.swift */; };
		9B04457026FA823A009E228C /* ViewController.swift in Sources */ = {isa = PBXBuildFile; fileRef = 9B04456F26FA823A009E228C /* ViewController.swift */; };
		9B04457326FA823A009E228C /* Main.storyboard in Resources */ = {isa = PBXBuildFile; fileRef = 9B04457126FA823A009E228C /* Main.storyboard */; };
		9B04457626FA823A009E228C /* ViewControllerMiniApp.xcdatamodeld in Sources */ = {isa = PBXBuildFile; fileRef = 9B04457426FA823A009E228C /* ViewControllerMiniApp.xcdatamodeld */; };
		9B04457826FA823C009E228C /* Assets.xcassets in Resources */ = {isa = PBXBuildFile; fileRef = 9B04457726FA823C009E228C /* Assets.xcassets */; };
		9B04457B26FA823C009E228C /* LaunchScreen.storyboard in Resources */ = {isa = PBXBuildFile; fileRef = 9B04457926FA823C009E228C /* LaunchScreen.storyboard */; };
/* End PBXBuildFile section */

/* Begin PBXFileReference section */
		9B04456826FA823A009E228C /* ViewControllerMiniApp.app */ = {isa = PBXFileReference; explicitFileType = wrapper.application; includeInIndex = 0; path = ViewControllerMiniApp.app; sourceTree = BUILT_PRODUCTS_DIR; };
		9B04456B26FA823A009E228C /* AppDelegate.swift */ = {isa = PBXFileReference; lastKnownFileType = sourcecode.swift; path = AppDelegate.swift; sourceTree = "<group>"; };
		9B04456D26FA823A009E228C /* SceneDelegate.swift */ = {isa = PBXFileReference; lastKnownFileType = sourcecode.swift; path = SceneDelegate.swift; sourceTree = "<group>"; };
		9B04456F26FA823A009E228C /* ViewController.swift */ = {isa = PBXFileReference; lastKnownFileType = sourcecode.swift; path = ViewController.swift; sourceTree = "<group>"; };
		9B04457226FA823A009E228C /* Base */ = {isa = PBXFileReference; lastKnownFileType = file.storyboard; name = Base; path = Base.lproj/Main.storyboard; sourceTree = "<group>"; };
		9B04457526FA823A009E228C /* ViewControllerMiniApp.xcdatamodel */ = {isa = PBXFileReference; lastKnownFileType = wrapper.xcdatamodel; path = ViewControllerMiniApp.xcdatamodel; sourceTree = "<group>"; };
		9B04457726FA823C009E228C /* Assets.xcassets */ = {isa = PBXFileReference; lastKnownFileType = folder.assetcatalog; path = Assets.xcassets; sourceTree = "<group>"; };
		9B04457A26FA823C009E228C /* Base */ = {isa = PBXFileReference; lastKnownFileType = file.storyboard; name = Base; path = Base.lproj/LaunchScreen.storyboard; sourceTree = "<group>"; };
		9B04457C26FA823C009E228C /* Info.plist */ = {isa = PBXFileReference; lastKnownFileType = text.plist.xml; path = Info.plist; sourceTree = "<group>"; };
/* End PBXFileReference section */

/* Begin PBXFrameworksBuildPhase section */
		9B04456526FA823A009E228C /* Frameworks */ = {
			isa = PBXFrameworksBuildPhase;
			buildActionMask = 2147483647;
			files = (
			);
			runOnlyForDeploymentPostprocessing = 0;
		};
/* End PBXFrameworksBuildPhase section */

/* Begin PBXGroup section */
		9B04455F26FA823A009E228C = {
			isa = PBXGroup;
			children = (
				9B04456A26FA823A009E228C /* ViewControllerMiniApp */,
				9B04456926FA823A009E228C /* Products */,
			);
			sourceTree = "<group>";
		};
		9B04456926FA823A009E228C /* Products */ = {
			isa = PBXGroup;
			children = (
				9B04456826FA823A009E228C /* ViewControllerMiniApp.app */,
			);
			name = Products;
			sourceTree = "<group>";
		};
		9B04456A26FA823A009E228C /* ViewControllerMiniApp */ = {
			isa = PBXGroup;
			children = (
				9B04456B26FA823A009E228C /* AppDelegate.swift */,
				9B04456D26FA823A009E228C /* SceneDelegate.swift */,
				9B04456F26FA823A009E228C /* ViewController.swift */,
				9B04457126FA823A009E228C /* Main.storyboard */,
				9B04457726FA823C009E228C /* Assets.xcassets */,
				9B04457926FA823C009E228C /* LaunchScreen.storyboard */,
				9B04457C26FA823C009E228C /* Info.plist */,
				9B04457426FA823A009E228C /* ViewControllerMiniApp.xcdatamodeld */,
			);
			path = ViewControllerMiniApp;
			sourceTree = "<group>";
		};
/* End PBXGroup section */

/* Begin PBXNativeTarget section */
		9B04456726FA823A009E228C /* ViewControllerMiniApp */ = {
			isa = PBXNativeTarget;
			buildConfigurationList = 9B04457F26FA823C009E228C /* Build configuration list for PBXNativeTarget "ViewControllerMiniApp" */;
			buildPhases = (
				9B04456426FA823A009E228C /* Sources */,
				9B04456526FA823A009E228C /* Frameworks */,
				9B04456626FA823A009E228C /* Resources */,
			);
			buildRules = (
			);
			dependencies = (
			);
			name = ViewControllerMiniApp;
			productName = ViewControllerMiniApp;
			productReference = 9B04456826FA823A009E228C /* ViewControllerMiniApp.app */;
			productType = "com.apple.product-type.application";
		};
/* End PBXNativeTarget section */

/* Begin PBXProject section */
		9B04456026FA823A009E228C /* Project object */ = {
			isa = PBXProject;
			attributes = {
				LastSwiftUpdateCheck = 1250;
				LastUpgradeCheck = 1250;
				TargetAttributes = {
					9B04456726FA823A009E228C = {
						CreatedOnToolsVersion = 12.5.1;
					};
				};
			};
			buildConfigurationList = 9B04456326FA823A009E228C /* Build configuration list for PBXProject "ViewControllerMiniApp" */;
			compatibilityVersion = "Xcode 9.3";
			developmentRegion = en;
			hasScannedForEncodings = 0;
			knownRegions = (
				en,
				Base,
			);
			mainGroup = 9B04455F26FA823A009E228C;
			productRefGroup = 9B04456926FA823A009E228C /* Products */;
			projectDirPath = "";
			projectRoot = "";
			targets = (
				9B04456726FA823A009E228C /* ViewControllerMiniApp */,
			);
		};
/* End PBXProject section */

/* Begin PBXResourcesBuildPhase section */
		9B04456626FA823A009E228C /* Resources */ = {
			isa = PBXResourcesBuildPhase;
			buildActionMask = 2147483647;
			files = (
				9B04457B26FA823C009E228C /* LaunchScreen.storyboard in Resources */,
				9B04457826FA823C009E228C /* Assets.xcassets in Resources */,
				9B04457326FA823A009E228C /* Main.storyboard in Resources */,
			);
			runOnlyForDeploymentPostprocessing = 0;
		};
/* End PBXResourcesBuildPhase section */

/* Begin PBXSourcesBuildPhase section */
		9B04456426FA823A009E228C /* Sources */ = {
			isa = PBXSourcesBuildPhase;
			buildActionMask = 2147483647;
			files = (
				9B04457026FA823A009E228C /* ViewController.swift in Sources */,
				9B04456C26FA823A009E228C /* AppDelegate.swift in Sources */,
				9B04456E26FA823A009E228C /* SceneDelegate.swift in Sources */,
				9B04457626FA823A009E228C /* ViewControllerMiniApp.xcdatamodeld in Sources */,
			);
			runOnlyForDeploymentPostprocessing = 0;
		};
/* End PBXSourcesBuildPhase section */

/* Begin PBXVariantGroup section */
		9B04457126FA823A009E228C /* Main.storyboard */ = {
			isa = PBXVariantGroup;
			children = (
				9B04457226FA823A009E228C /* Base */,
			);
			name = Main.storyboard;
			sourceTree = "<group>";
		};
		9B04457926FA823C009E228C /* LaunchScreen.storyboard */ = {
			isa = PBXVariantGroup;
			children = (
				9B04457A26FA823C009E228C /* Base */,
			);
			name = LaunchScreen.storyboard;
			sourceTree = "<group>";
		};
/* End PBXVariantGroup section */

/* Begin XCBuildConfiguration section */
		9B04457D26FA823C009E228C /* Debug */ = {
			isa = XCBuildConfiguration;
			buildSettings = {
				ALWAYS_SEARCH_USER_PATHS = NO;
				CLANG_ANALYZER_NONNULL = YES;
				CLANG_ANALYZER_NUMBER_OBJECT_CONVERSION = YES_AGGRESSIVE;
				CLANG_CXX_LANGUAGE_STANDARD = "gnu++14";
				CLANG_CXX_LIBRARY = "libc++";
				CLANG_ENABLE_MODULES = YES;
				CLANG_ENABLE_OBJC_ARC = YES;
				CLANG_ENABLE_OBJC_WEAK = YES;
				CLANG_WARN_BLOCK_CAPTURE_AUTORELEASING = YES;
				CLANG_WARN_BOOL_CONVERSION = YES;
				CLANG_WARN_COMMA = YES;
				CLANG_WARN_CONSTANT_CONVERSION = YES;
				CLANG_WARN_DEPRECATED_OBJC_IMPLEMENTATIONS = YES;
				CLANG_WARN_DIRECT_OBJC_ISA_USAGE = YES_ERROR;
				CLANG_WARN_DOCUMENTATION_COMMENTS = YES;
				CLANG_WARN_EMPTY_BODY = YES;
				CLANG_WARN_ENUM_CONVERSION = YES;
				CLANG_WARN_INFINITE_RECURSION = YES;
				CLANG_WARN_INT_CONVERSION = YES;
				CLANG_WARN_NON_LITERAL_NULL_CONVERSION = YES;
				CLANG_WARN_OBJC_IMPLICIT_RETAIN_SELF = YES;
				CLANG_WARN_OBJC_LITERAL_CONVERSION = YES;
				CLANG_WARN_OBJC_ROOT_CLASS = YES_ERROR;
				CLANG_WARN_QUOTED_INCLUDE_IN_FRAMEWORK_HEADER = YES;
				CLANG_WARN_RANGE_LOOP_ANALYSIS = YES;
				CLANG_WARN_STRICT_PROTOTYPES = YES;
				CLANG_WARN_SUSPICIOUS_MOVE = YES;
				CLANG_WARN_UNGUARDED_AVAILABILITY = YES_AGGRESSIVE;
				CLANG_WARN_UNREACHABLE_CODE = YES;
				CLANG_WARN__DUPLICATE_METHOD_MATCH = YES;
				COPY_PHASE_STRIP = NO;
				DEBUG_INFORMATION_FORMAT = dwarf;
				ENABLE_STRICT_OBJC_MSGSEND = YES;
				ENABLE_TESTABILITY = YES;
				GCC_C_LANGUAGE_STANDARD = gnu11;
				GCC_DYNAMIC_NO_PIC = NO;
				GCC_NO_COMMON_BLOCKS = YES;
				GCC_OPTIMIZATION_LEVEL = 0;
				GCC_PREPROCESSOR_DEFINITIONS = (
					"DEBUG=1",
					"$(inherited)",
				);
				GCC_WARN_64_TO_32_BIT_CONVERSION = YES;
				GCC_WARN_ABOUT_RETURN_TYPE = YES_ERROR;
				GCC_WARN_UNDECLARED_SELECTOR = YES;
				GCC_WARN_UNINITIALIZED_AUTOS = YES_AGGRESSIVE;
				GCC_WARN_UNUSED_FUNCTION = YES;
				GCC_WARN_UNUSED_VARIABLE = YES;
				IPHONEOS_DEPLOYMENT_TARGET = 14.5;
				MTL_ENABLE_DEBUG_INFO = INCLUDE_SOURCE;
				MTL_FAST_MATH = YES;
				ONLY_ACTIVE_ARCH = YES;
				SDKROOT = iphoneos;
				SWIFT_ACTIVE_COMPILATION_CONDITIONS = DEBUG;
				SWIFT_OPTIMIZATION_LEVEL = "-Onone";
			};
			name = Debug;
		};
		9B04457E26FA823C009E228C /* Release */ = {
			isa = XCBuildConfiguration;
			buildSettings = {
				ALWAYS_SEARCH_USER_PATHS = NO;
				CLANG_ANALYZER_NONNULL = YES;
				CLANG_ANALYZER_NUMBER_OBJECT_CONVERSION = YES_AGGRESSIVE;
				CLANG_CXX_LANGUAGE_STANDARD = "gnu++14";
				CLANG_CXX_LIBRARY = "libc++";
				CLANG_ENABLE_MODULES = YES;
				CLANG_ENABLE_OBJC_ARC = YES;
				CLANG_ENABLE_OBJC_WEAK = YES;
				CLANG_WARN_BLOCK_CAPTURE_AUTORELEASING = YES;
				CLANG_WARN_BOOL_CONVERSION = YES;
				CLANG_WARN_COMMA = YES;
				CLANG_WARN_CONSTANT_CONVERSION = YES;
				CLANG_WARN_DEPRECATED_OBJC_IMPLEMENTATIONS = YES;
				CLANG_WARN_DIRECT_OBJC_ISA_USAGE = YES_ERROR;
				CLANG_WARN_DOCUMENTATION_COMMENTS = YES;
				CLANG_WARN_EMPTY_BODY = YES;
				CLANG_WARN_ENUM_CONVERSION = YES;
				CLANG_WARN_INFINITE_RECURSION = YES;
				CLANG_WARN_INT_CONVERSION = YES;
				CLANG_WARN_NON_LITERAL_NULL_CONVERSION = YES;
				CLANG_WARN_OBJC_IMPLICIT_RETAIN_SELF = YES;
				CLANG_WARN_OBJC_LITERAL_CONVERSION = YES;
				CLANG_WARN_OBJC_ROOT_CLASS = YES_ERROR;
				CLANG_WARN_QUOTED_INCLUDE_IN_FRAMEWORK_HEADER = YES;
				CLANG_WARN_RANGE_LOOP_ANALYSIS = YES;
				CLANG_WARN_STRICT_PROTOTYPES = YES;
				CLANG_WARN_SUSPICIOUS_MOVE = YES;
				CLANG_WARN_UNGUARDED_AVAILABILITY = YES_AGGRESSIVE;
				CLANG_WARN_UNREACHABLE_CODE = YES;
				CLANG_WARN__DUPLICATE_METHOD_MATCH = YES;
				COPY_PHASE_STRIP = NO;
				DEBUG_INFORMATION_FORMAT = "dwarf-with-dsym";
				ENABLE_NS_ASSERTIONS = NO;
				ENABLE_STRICT_OBJC_MSGSEND = YES;
				GCC_C_LANGUAGE_STANDARD = gnu11;
				GCC_NO_COMMON_BLOCKS = YES;
				GCC_WARN_64_TO_32_BIT_CONVERSION = YES;
				GCC_WARN_ABOUT_RETURN_TYPE = YES_ERROR;
				GCC_WARN_UNDECLARED_SELECTOR = YES;
				GCC_WARN_UNINITIALIZED_AUTOS = YES_AGGRESSIVE;
				GCC_WARN_UNUSED_FUNCTION = YES;
				GCC_WARN_UNUSED_VARIABLE = YES;
				IPHONEOS_DEPLOYMENT_TARGET = 14.5;
				MTL_ENABLE_DEBUG_INFO = NO;
				MTL_FAST_MATH = YES;
				SDKROOT = iphoneos;
				SWIFT_COMPILATION_MODE = wholemodule;
				SWIFT_OPTIMIZATION_LEVEL = "-O";
				VALIDATE_PRODUCT = YES;
			};
			name = Release;
		};
		9B04458026FA823C009E228C /* Debug */ = {
			isa = XCBuildConfiguration;
			buildSettings = {
				ASSETCATALOG_COMPILER_APPICON_NAME = AppIcon;
				ASSETCATALOG_COMPILER_GLOBAL_ACCENT_COLOR_NAME = AccentColor;
				CODE_SIGN_STYLE = Automatic;
				DEVELOPMENT_TEAM = P2ZA67AVPM;
				INFOPLIST_FILE = ViewControllerMiniApp/Info.plist;
				LD_RUNPATH_SEARCH_PATHS = (
					"$(inherited)",
					"@executable_path/Frameworks",
				);
				PRODUCT_BUNDLE_IDENTIFIER = CLC.ViewControllerMiniApp;
				PRODUCT_NAME = "$(TARGET_NAME)";
				SWIFT_VERSION = 5.0;
				TARGETED_DEVICE_FAMILY = "1,2";
			};
			name = Debug;
		};
		9B04458126FA823C009E228C /* Release */ = {
			isa = XCBuildConfiguration;
			buildSettings = {
				ASSETCATALOG_COMPILER_APPICON_NAME = AppIcon;
				ASSETCATALOG_COMPILER_GLOBAL_ACCENT_COLOR_NAME = AccentColor;
				CODE_SIGN_STYLE = Automatic;
				DEVELOPMENT_TEAM = P2ZA67AVPM;
				INFOPLIST_FILE = ViewControllerMiniApp/Info.plist;
				LD_RUNPATH_SEARCH_PATHS = (
					"$(inherited)",
					"@executable_path/Frameworks",
				);
				PRODUCT_BUNDLE_IDENTIFIER = CLC.ViewControllerMiniApp;
				PRODUCT_NAME = "$(TARGET_NAME)";
				SWIFT_VERSION = 5.0;
				TARGETED_DEVICE_FAMILY = "1,2";
			};
			name = Release;
		};
/* End XCBuildConfiguration section */

/* Begin XCConfigurationList section */
		9B04456326FA823A009E228C /* Build configuration list for PBXProject "ViewControllerMiniApp" */ = {
			isa = XCConfigurationList;
			buildConfigurations = (
				9B04457D26FA823C009E228C /* Debug */,
				9B04457E26FA823C009E228C /* Release */,
			);
			defaultConfigurationIsVisible = 0;
			defaultConfigurationName = Release;
		};
		9B04457F26FA823C009E228C /* Build configuration list for PBXNativeTarget "ViewControllerMiniApp" */ = {
			isa = XCConfigurationList;
			buildConfigurations = (
				9B04458026FA823C009E228C /* Debug */,
				9B04458126FA823C009E228C /* Release */,
			);
			defaultConfigurationIsVisible = 0;
			defaultConfigurationName = Release;
		};
/* End XCConfigurationList section */

/* Begin XCVersionGroup section */
		9B04457426FA823A009E228C /* ViewControllerMiniApp.xcdatamodeld */ = {
			isa = XCVersionGroup;
			children = (
				9B04457526FA823A009E228C /* ViewControllerMiniApp.xcdatamodel */,
			);
			currentVersion = 9B04457526FA823A009E228C /* ViewControllerMiniApp.xcdatamodel */;
			path = ViewControllerMiniApp.xcdatamodeld;
			sourceTree = "<group>";
			versionGroupType = wrapper.xcdatamodel;
		};
/* End XCVersionGroup section */
	};
	rootObject = 9B04456026FA823A009E228C /* Project object */;
}
